
Microsoft Visual Studio Solution File, Format Version 12.00
# Visual Studio Version 17
VisualStudioVersion = 17.14.36301.6 d17.14
MinimumVisualStudioVersion = 10.0.40219.1
Project("{FAE04EC0-301F-11D3-BF4B-00C04F79EFBC}") = "Full_E-Commerce_Project", "Full_E-Commerce_Project\Full_E-Commerce_Project.csproj", "{42007CA6-81FD-4F74-9ECC-4149559C88B4}"
EndProject
Project("{FAE04EC0-301F-11D3-BF4B-00C04F79EFBC}") = "RepositoryLayer", "RepositoryLayer\RepositoryLayer.csproj", "{4F9D6227-C71A-4681-88E5-CB67C082BCA4}"
EndProject
Project("{FAE04EC0-301F-11D3-BF4B-00C04F79EFBC}") = "CoreLayer", "CoreLayer\CoreLayer.csproj", "{2368E019-2FFE-4447-9AFF-EEC3441D16E8}"
EndProject
Global
	GlobalSection(SolutionConfigurationPlatforms) = preSolution
		Debug|Any CPU = Debug|Any CPU
		Release|Any CPU = Release|Any CPU
	EndGlobalSection
	GlobalSection(ProjectConfigurationPlatforms) = postSolution
		{42007CA6-81FD-4F74-9ECC-4149559C88B4}.Debug|Any CPU.ActiveCfg = Debug|Any CPU
		{42007CA6-81FD-4F74-9ECC-4149559C88B4}.Debug|Any CPU.Build.0 = Debug|Any CPU
		{42007CA6-81FD-4F74-9ECC-4149559C88B4}.Release|Any CPU.ActiveCfg = Release|Any CPU
		{42007CA6-81FD-4F74-9ECC-4149559C88B4}.Release|Any CPU.Build.0 = Release|Any CPU
		{4F9D6227-C71A-4681-88E5-CB67C082BCA4}.Debug|Any CPU.ActiveCfg = Debug|Any CPU
		{4F9D6227-C71A-4681-88E5-CB67C082BCA4}.Debug|Any CPU.Build.0 = Debug|Any CPU
		{4F9D6227-C71A-4681-88E5-CB67C082BCA4}.Release|Any CPU.ActiveCfg = Release|Any CPU
		{4F9D6227-C71A-4681-88E5-CB67C082BCA4}.Release|Any CPU.Build.0 = Release|Any CPU
		{2368E019-2FFE-4447-9AFF-EEC3441D16E8}.Debug|Any CPU.ActiveCfg = Debug|Any CPU
		{2368E019-2FFE-4447-9AFF-EEC3441D16E8}.Debug|Any CPU.Build.0 = Debug|Any CPU
		{2368E019-2FFE-4447-9AFF-EEC3441D16E8}.Release|Any CPU.ActiveCfg = Release|Any CPU
		{2368E019-2FFE-4447-9AFF-EEC3441D16E8}.Release|Any CPU.Build.0 = Release|Any CPU
	EndGlobalSection
	GlobalSection(SolutionProperties) = preSolution
		HideSolutionNode = FALSE
	EndGlobalSection
	GlobalSection(ExtensibilityGlobals) = postSolution
		SolutionGuid = {AC2F52E6-C930-4303-A328-646B0B9A8E87}
	EndGlobalSection
EndGlobal
